
Microsoft Visual Studio Solution File, Format Version 12.00
# Visual Studio 15
VisualStudioVersion = 15.0.28307.645
MinimumVisualStudioVersion = 10.0.40219.1
Project("{FAE04EC0-301F-11D3-BF4B-00C04F79EFBC}") = "InvokeDotNet", "InvokeDotNet\InvokeDotNet.csproj", "{6CEF36BA-1E16-4347-A002-1FF3ED6FAD9C}"
EndProject
Project("{FAE04EC0-301F-11D3-BF4B-00C04F79EFBC}") = "InvokeDotNet.FriendlyAssembly", "InvokeDotNet.FriendlyAssembly\InvokeDotNet.FriendlyAssembly.csproj", "{561A1143-0239-4D09-9BC6-C976890C4317}"
EndProject
Project("{FAE04EC0-301F-11D3-BF4B-00C04F79EFBC}") = "TestLibrary", "TestLibrary\TestLibrary.csproj", "{B4DFA43D-59D2-42B7-AE98-60741BC64FD1}"
EndProject
Project("{FAE04EC0-301F-11D3-BF4B-00C04F79EFBC}") = "TestExecutable", "TestExecutable\TestExecutable.csproj", "{3AFEAC04-8700-429C-8512-066336C4C14C}"
EndProject
Project("{FAE04EC0-301F-11D3-BF4B-00C04F79EFBC}") = "InvokeDotNet.AssemblyLoader", "InvokeDotNet.AssemblyLoader\InvokeDotNet.AssemblyLoader.csproj", "{97FE2596-BF84-4798-82E4-9F292093F49B}"
EndProject
Project("{FAE04EC0-301F-11D3-BF4B-00C04F79EFBC}") = "InvokeDotNet.FriendlyAssemblyInterface", "InvokeDotNet.FriendlyAssemblyInterface\InvokeDotNet.FriendlyAssemblyInterface.csproj", "{EC325D6B-B809-4284-987A-821A8EC02A69}"
EndProject
Global
	GlobalSection(SolutionConfigurationPlatforms) = preSolution
		Debug|Any CPU = Debug|Any CPU
		Release|Any CPU = Release|Any CPU
	EndGlobalSection
	GlobalSection(ProjectConfigurationPlatforms) = postSolution
		{6CEF36BA-1E16-4347-A002-1FF3ED6FAD9C}.Debug|Any CPU.ActiveCfg = Debug|Any CPU
		{6CEF36BA-1E16-4347-A002-1FF3ED6FAD9C}.Debug|Any CPU.Build.0 = Debug|Any CPU
		{6CEF36BA-1E16-4347-A002-1FF3ED6FAD9C}.Release|Any CPU.ActiveCfg = Release|Any CPU
		{6CEF36BA-1E16-4347-A002-1FF3ED6FAD9C}.Release|Any CPU.Build.0 = Release|Any CPU
		{561A1143-0239-4D09-9BC6-C976890C4317}.Debug|Any CPU.ActiveCfg = Debug|Any CPU
		{561A1143-0239-4D09-9BC6-C976890C4317}.Debug|Any CPU.Build.0 = Debug|Any CPU
		{561A1143-0239-4D09-9BC6-C976890C4317}.Release|Any CPU.ActiveCfg = Release|Any CPU
		{561A1143-0239-4D09-9BC6-C976890C4317}.Release|Any CPU.Build.0 = Release|Any CPU
		{B4DFA43D-59D2-42B7-AE98-60741BC64FD1}.Debug|Any CPU.ActiveCfg = Debug|Any CPU
		{B4DFA43D-59D2-42B7-AE98-60741BC64FD1}.Debug|Any CPU.Build.0 = Debug|Any CPU
		{B4DFA43D-59D2-42B7-AE98-60741BC64FD1}.Release|Any CPU.ActiveCfg = Release|Any CPU
		{B4DFA43D-59D2-42B7-AE98-60741BC64FD1}.Release|Any CPU.Build.0 = Release|Any CPU
		{3AFEAC04-8700-429C-8512-066336C4C14C}.Debug|Any CPU.ActiveCfg = Debug|Any CPU
		{3AFEAC04-8700-429C-8512-066336C4C14C}.Debug|Any CPU.Build.0 = Debug|Any CPU
		{3AFEAC04-8700-429C-8512-066336C4C14C}.Release|Any CPU.ActiveCfg = Release|Any CPU
		{3AFEAC04-8700-429C-8512-066336C4C14C}.Release|Any CPU.Build.0 = Release|Any CPU
		{97FE2596-BF84-4798-82E4-9F292093F49B}.Debug|Any CPU.ActiveCfg = Debug|Any CPU
		{97FE2596-BF84-4798-82E4-9F292093F49B}.Debug|Any CPU.Build.0 = Debug|Any CPU
		{97FE2596-BF84-4798-82E4-9F292093F49B}.Release|Any CPU.ActiveCfg = Release|Any CPU
		{97FE2596-BF84-4798-82E4-9F292093F49B}.Release|Any CPU.Build.0 = Release|Any CPU
		{EC325D6B-B809-4284-987A-821A8EC02A69}.Debug|Any CPU.ActiveCfg = Debug|Any CPU
		{EC325D6B-B809-4284-987A-821A8EC02A69}.Debug|Any CPU.Build.0 = Debug|Any CPU
		{EC325D6B-B809-4284-987A-821A8EC02A69}.Release|Any CPU.ActiveCfg = Release|Any CPU
		{EC325D6B-B809-4284-987A-821A8EC02A69}.Release|Any CPU.Build.0 = Release|Any CPU
	EndGlobalSection
	GlobalSection(SolutionProperties) = preSolution
		HideSolutionNode = FALSE
	EndGlobalSection
	GlobalSection(ExtensibilityGlobals) = postSolution
		SolutionGuid = {05501603-7499-4633-990A-92DA39E88EA4}
	EndGlobalSection
EndGlobal
